
Microsoft Visual Studio Solution File, Format Version 12.00
Project("{FAE04EC0-301F-11D3-BF4B-00C04F79EFBC}") = "Sampøll", "Sampøll\Sampøll.csproj", "{F4C09E37-CBD4-43D3-B024-47D59AC01C92}"
EndProject
Global
	GlobalSection(SolutionConfigurationPlatforms) = preSolution
		Debug|Any CPU = Debug|Any CPU
		Release|Any CPU = Release|Any CPU
	EndGlobalSection
	GlobalSection(ProjectConfigurationPlatforms) = postSolution
		{F4C09E37-CBD4-43D3-B024-47D59AC01C92}.Debug|Any CPU.ActiveCfg = Debug|Any CPU
		{F4C09E37-CBD4-43D3-B024-47D59AC01C92}.Debug|Any CPU.Build.0 = Debug|Any CPU
		{F4C09E37-CBD4-43D3-B024-47D59AC01C92}.Release|Any CPU.ActiveCfg = Release|Any CPU
		{F4C09E37-CBD4-43D3-B024-47D59AC01C92}.Release|Any CPU.Build.0 = Release|Any CPU
	EndGlobalSection
EndGlobal
